
Microsoft Visual Studio Solution File, Format Version 12.00
# Visual Studio Version 17
VisualStudioVersion = 17.8.34316.72
MinimumVisualStudioVersion = 10.0.40219.1
Project("{9A19103F-16F7-4668-BE54-9A1E7A4F7556}") = "CRUDExample", "CRUDExample\CRUDExample.csproj", "{874976AD-4854-4BAA-845B-4A74068DFBF1}"
EndProject
Project("{FAE04EC0-301F-11D3-BF4B-00C04F79EFBC}") = "Tests", "Tests\Tests.csproj", "{4C1368CE-A9A2-4853-8831-AE70D72016D1}"
EndProject
Project("{FAE04EC0-301F-11D3-BF4B-00C04F79EFBC}") = "Entities", "Entities\Entities.csproj", "{ECEE3B2A-0AFE-4076-A693-B9571688ACAE}"
EndProject
Project("{FAE04EC0-301F-11D3-BF4B-00C04F79EFBC}") = "ServiceContracts", "ServiceContracts\ServiceContracts.csproj", "{3A0E0D5A-C630-42D7-8D8C-9EC69E58495F}"
EndProject
Project("{FAE04EC0-301F-11D3-BF4B-00C04F79EFBC}") = "Services", "Services\Services.csproj", "{C43BC5A6-63C0-47F5-B20D-7B3624C8AB75}"
EndProject
Global
	GlobalSection(SolutionConfigurationPlatforms) = preSolution
		Debug|Any CPU = Debug|Any CPU
		Release|Any CPU = Release|Any CPU
	EndGlobalSection
	GlobalSection(ProjectConfigurationPlatforms) = postSolution
		{874976AD-4854-4BAA-845B-4A74068DFBF1}.Debug|Any CPU.ActiveCfg = Debug|Any CPU
		{874976AD-4854-4BAA-845B-4A74068DFBF1}.Debug|Any CPU.Build.0 = Debug|Any CPU
		{874976AD-4854-4BAA-845B-4A74068DFBF1}.Release|Any CPU.ActiveCfg = Release|Any CPU
		{874976AD-4854-4BAA-845B-4A74068DFBF1}.Release|Any CPU.Build.0 = Release|Any CPU
		{4C1368CE-A9A2-4853-8831-AE70D72016D1}.Debug|Any CPU.ActiveCfg = Debug|Any CPU
		{4C1368CE-A9A2-4853-8831-AE70D72016D1}.Debug|Any CPU.Build.0 = Debug|Any CPU
		{4C1368CE-A9A2-4853-8831-AE70D72016D1}.Release|Any CPU.ActiveCfg = Release|Any CPU
		{4C1368CE-A9A2-4853-8831-AE70D72016D1}.Release|Any CPU.Build.0 = Release|Any CPU
		{ECEE3B2A-0AFE-4076-A693-B9571688ACAE}.Debug|Any CPU.ActiveCfg = Debug|Any CPU
		{ECEE3B2A-0AFE-4076-A693-B9571688ACAE}.Debug|Any CPU.Build.0 = Debug|Any CPU
		{ECEE3B2A-0AFE-4076-A693-B9571688ACAE}.Release|Any CPU.ActiveCfg = Release|Any CPU
		{ECEE3B2A-0AFE-4076-A693-B9571688ACAE}.Release|Any CPU.Build.0 = Release|Any CPU
		{3A0E0D5A-C630-42D7-8D8C-9EC69E58495F}.Debug|Any CPU.ActiveCfg = Debug|Any CPU
		{3A0E0D5A-C630-42D7-8D8C-9EC69E58495F}.Debug|Any CPU.Build.0 = Debug|Any CPU
		{3A0E0D5A-C630-42D7-8D8C-9EC69E58495F}.Release|Any CPU.ActiveCfg = Release|Any CPU
		{3A0E0D5A-C630-42D7-8D8C-9EC69E58495F}.Release|Any CPU.Build.0 = Release|Any CPU
		{C43BC5A6-63C0-47F5-B20D-7B3624C8AB75}.Debug|Any CPU.ActiveCfg = Debug|Any CPU
		{C43BC5A6-63C0-47F5-B20D-7B3624C8AB75}.Debug|Any CPU.Build.0 = Debug|Any CPU
		{C43BC5A6-63C0-47F5-B20D-7B3624C8AB75}.Release|Any CPU.ActiveCfg = Release|Any CPU
		{C43BC5A6-63C0-47F5-B20D-7B3624C8AB75}.Release|Any CPU.Build.0 = Release|Any CPU
	EndGlobalSection
	GlobalSection(SolutionProperties) = preSolution
		HideSolutionNode = FALSE
	EndGlobalSection
	GlobalSection(ExtensibilityGlobals) = postSolution
		SolutionGuid = {C9754055-346E-4C8F-85B2-61E65F97F752}
	EndGlobalSection
EndGlobal
